
Microsoft Visual Studio Solution File, Format Version 12.00
# Visual Studio 15
VisualStudioVersion = 15.0.27703.2026
MinimumVisualStudioVersion = 10.0.40219.1
Project("{FAE04EC0-301F-11D3-BF4B-00C04F79EFBC}") = "DataLoopDisplay", "DataLoopDisplay\DataLoopDisplay.csproj", "{95C45461-FC6B-4F8E-95CA-4F0BDB2852FD}"
EndProject
Project("{FAE04EC0-301F-11D3-BF4B-00C04F79EFBC}") = "Excel2Xps", "Excel2Xps\Excel2Xps.csproj", "{73173D63-74CB-4681-8736-21932825479F}"
EndProject
Global
	GlobalSection(SolutionConfigurationPlatforms) = preSolution
		Debug|Any CPU = Debug|Any CPU
		Release|Any CPU = Release|Any CPU
	EndGlobalSection
	GlobalSection(ProjectConfigurationPlatforms) = postSolution
		{95C45461-FC6B-4F8E-95CA-4F0BDB2852FD}.Debug|Any CPU.ActiveCfg = Debug|Any CPU
		{95C45461-FC6B-4F8E-95CA-4F0BDB2852FD}.Debug|Any CPU.Build.0 = Debug|Any CPU
		{95C45461-FC6B-4F8E-95CA-4F0BDB2852FD}.Release|Any CPU.ActiveCfg = Release|Any CPU
		{95C45461-FC6B-4F8E-95CA-4F0BDB2852FD}.Release|Any CPU.Build.0 = Release|Any CPU
		{73173D63-74CB-4681-8736-21932825479F}.Debug|Any CPU.ActiveCfg = Debug|Any CPU
		{73173D63-74CB-4681-8736-21932825479F}.Debug|Any CPU.Build.0 = Debug|Any CPU
		{73173D63-74CB-4681-8736-21932825479F}.Release|Any CPU.ActiveCfg = Release|Any CPU
		{73173D63-74CB-4681-8736-21932825479F}.Release|Any CPU.Build.0 = Release|Any CPU
	EndGlobalSection
	GlobalSection(SolutionProperties) = preSolution
		HideSolutionNode = FALSE
	EndGlobalSection
	GlobalSection(ExtensibilityGlobals) = postSolution
		SolutionGuid = {077E1AE4-E7C4-4524-82B4-647C655C3F90}
	EndGlobalSection
EndGlobal
